
Microsoft Visual Studio Solution File, Format Version 12.00
# Visual Studio 15
VisualStudioVersion = 15.0.28307.489
MinimumVisualStudioVersion = 10.0.40219.1
Project("{9A19103F-16F7-4668-BE54-9A1E7A4F7556}") = "MCB.Data.Domain", "MCB.Data.Domain\MCB.Data.Domain.csproj", "{8FFC24E6-D9B2-4A3B-8520-42CE58FA7C57}"
EndProject
Project("{2150E333-8FDC-42A3-9474-1A3956D46DE8}") = "App", "App", "{F86B98A8-9627-4F65-B3A8-0BBB6AEB283C}"
EndProject
Project("{2150E333-8FDC-42A3-9474-1A3956D46DE8}") = "Data", "Data", "{3E0BB0A9-1ED9-477A-8E29-1EA7A29CA506}"
EndProject
Project("{9A19103F-16F7-4668-BE54-9A1E7A4F7556}") = "MCB.Data", "MCB.Data\MCB.Data.csproj", "{D707B9C3-446F-4DBC-A9E4-93E0C2C16E5A}"
EndProject
Project("{9A19103F-16F7-4668-BE54-9A1E7A4F7556}") = "MCB.Tests.Data", "MCB.Tests.Data\MCB.Tests.Data.csproj", "{78ACF4BB-D507-47D7-A2FD-C92A76B90953}"
EndProject
Project("{2150E333-8FDC-42A3-9474-1A3956D46DE8}") = "Tests", "Tests", "{874741A0-C95F-420C-9F3E-9435BF4C6076}"
EndProject
Project("{2150E333-8FDC-42A3-9474-1A3956D46DE8}") = "Business", "Business", "{E6812A1C-0DF0-4B9F-859F-BE1581BEF4A5}"
EndProject
Project("{9A19103F-16F7-4668-BE54-9A1E7A4F7556}") = "MCB.Business.CoreHelper", "MCB.Business.CoreHelper\MCB.Business.CoreHelper.csproj", "{CB99336A-F275-4F91-BB47-8B12C2E6E987}"
EndProject
Project("{9A19103F-16F7-4668-BE54-9A1E7A4F7556}") = "MCB.Business.Models", "MCB.Business.Models\MCB.Business.Models.csproj", "{ADDF6B87-78FB-41AF-8725-4E2FD78EFAE5}"
EndProject
Project("{2150E333-8FDC-42A3-9474-1A3956D46DE8}") = "IDP", "IDP", "{B1149228-AB51-4E2A-8CCA-A635867F2C18}"
EndProject
Project("{9A19103F-16F7-4668-BE54-9A1E7A4F7556}") = "TWM.IDP", "TWM.IDP\TWM.IDP.csproj", "{759EE860-E273-4549-8C2B-AC050A01BAFA}"
EndProject
Project("{2150E333-8FDC-42A3-9474-1A3956D46DE8}") = "Api", "Api", "{8ECFC320-D072-483F-887F-B7DC9A045926}"
EndProject
Project("{9A19103F-16F7-4668-BE54-9A1E7A4F7556}") = "MCB.Api", "MCB.Api\MCB.Api.csproj", "{5C7584E0-F7EE-46BC-B76E-143E3D7763E0}"
EndProject
Project("{E24C65DC-7377-472B-9ABA-BC803B73C61A}") = "MCBAngularClient", "MCB.AngularClient\MCBAngularClient\", "{86D3C4CE-E61F-44E1-96A7-5C21679CB07D}"
	ProjectSection(WebsiteProperties) = preProject
		TargetFrameworkMoniker = ".NETFramework,Version%3Dv4.0"
		Debug.AspNetCompiler.VirtualPath = "/localhost_57452"
		Debug.AspNetCompiler.PhysicalPath = "MCB.AngularClient\MCBAngularClient\"
		Debug.AspNetCompiler.TargetPath = "PrecompiledWeb\localhost_57452\"
		Debug.AspNetCompiler.Updateable = "true"
		Debug.AspNetCompiler.ForceOverwrite = "true"
		Debug.AspNetCompiler.FixedNames = "false"
		Debug.AspNetCompiler.Debug = "True"
		Release.AspNetCompiler.VirtualPath = "/localhost_57452"
		Release.AspNetCompiler.PhysicalPath = "MCB.AngularClient\MCBAngularClient\"
		Release.AspNetCompiler.TargetPath = "PrecompiledWeb\localhost_57452\"
		Release.AspNetCompiler.Updateable = "true"
		Release.AspNetCompiler.ForceOverwrite = "true"
		Release.AspNetCompiler.FixedNames = "false"
		Release.AspNetCompiler.Debug = "False"
		VWDPort = "57452"
		SlnRelativePath = "MCB.AngularClient\MCBAngularClient\"
	EndProjectSection
EndProject
Global
	GlobalSection(SolutionConfigurationPlatforms) = preSolution
		Debug|Any CPU = Debug|Any CPU
		Release|Any CPU = Release|Any CPU
	EndGlobalSection
	GlobalSection(ProjectConfigurationPlatforms) = postSolution
		{8FFC24E6-D9B2-4A3B-8520-42CE58FA7C57}.Debug|Any CPU.ActiveCfg = Debug|Any CPU
		{8FFC24E6-D9B2-4A3B-8520-42CE58FA7C57}.Debug|Any CPU.Build.0 = Debug|Any CPU
		{8FFC24E6-D9B2-4A3B-8520-42CE58FA7C57}.Release|Any CPU.ActiveCfg = Release|Any CPU
		{8FFC24E6-D9B2-4A3B-8520-42CE58FA7C57}.Release|Any CPU.Build.0 = Release|Any CPU
		{D707B9C3-446F-4DBC-A9E4-93E0C2C16E5A}.Debug|Any CPU.ActiveCfg = Debug|Any CPU
		{D707B9C3-446F-4DBC-A9E4-93E0C2C16E5A}.Debug|Any CPU.Build.0 = Debug|Any CPU
		{D707B9C3-446F-4DBC-A9E4-93E0C2C16E5A}.Release|Any CPU.ActiveCfg = Release|Any CPU
		{D707B9C3-446F-4DBC-A9E4-93E0C2C16E5A}.Release|Any CPU.Build.0 = Release|Any CPU
		{78ACF4BB-D507-47D7-A2FD-C92A76B90953}.Debug|Any CPU.ActiveCfg = Debug|Any CPU
		{78ACF4BB-D507-47D7-A2FD-C92A76B90953}.Debug|Any CPU.Build.0 = Debug|Any CPU
		{78ACF4BB-D507-47D7-A2FD-C92A76B90953}.Release|Any CPU.ActiveCfg = Release|Any CPU
		{78ACF4BB-D507-47D7-A2FD-C92A76B90953}.Release|Any CPU.Build.0 = Release|Any CPU
		{CB99336A-F275-4F91-BB47-8B12C2E6E987}.Debug|Any CPU.ActiveCfg = Debug|Any CPU
		{CB99336A-F275-4F91-BB47-8B12C2E6E987}.Debug|Any CPU.Build.0 = Debug|Any CPU
		{CB99336A-F275-4F91-BB47-8B12C2E6E987}.Release|Any CPU.ActiveCfg = Release|Any CPU
		{CB99336A-F275-4F91-BB47-8B12C2E6E987}.Release|Any CPU.Build.0 = Release|Any CPU
		{ADDF6B87-78FB-41AF-8725-4E2FD78EFAE5}.Debug|Any CPU.ActiveCfg = Debug|Any CPU
		{ADDF6B87-78FB-41AF-8725-4E2FD78EFAE5}.Debug|Any CPU.Build.0 = Debug|Any CPU
		{ADDF6B87-78FB-41AF-8725-4E2FD78EFAE5}.Release|Any CPU.ActiveCfg = Release|Any CPU
		{ADDF6B87-78FB-41AF-8725-4E2FD78EFAE5}.Release|Any CPU.Build.0 = Release|Any CPU
		{759EE860-E273-4549-8C2B-AC050A01BAFA}.Debug|Any CPU.ActiveCfg = Debug|Any CPU
		{759EE860-E273-4549-8C2B-AC050A01BAFA}.Debug|Any CPU.Build.0 = Debug|Any CPU
		{759EE860-E273-4549-8C2B-AC050A01BAFA}.Release|Any CPU.ActiveCfg = Release|Any CPU
		{759EE860-E273-4549-8C2B-AC050A01BAFA}.Release|Any CPU.Build.0 = Release|Any CPU
		{5C7584E0-F7EE-46BC-B76E-143E3D7763E0}.Debug|Any CPU.ActiveCfg = Debug|Any CPU
		{5C7584E0-F7EE-46BC-B76E-143E3D7763E0}.Debug|Any CPU.Build.0 = Debug|Any CPU
		{5C7584E0-F7EE-46BC-B76E-143E3D7763E0}.Release|Any CPU.ActiveCfg = Release|Any CPU
		{5C7584E0-F7EE-46BC-B76E-143E3D7763E0}.Release|Any CPU.Build.0 = Release|Any CPU
		{86D3C4CE-E61F-44E1-96A7-5C21679CB07D}.Debug|Any CPU.ActiveCfg = Debug|Any CPU
		{86D3C4CE-E61F-44E1-96A7-5C21679CB07D}.Debug|Any CPU.Build.0 = Debug|Any CPU
		{86D3C4CE-E61F-44E1-96A7-5C21679CB07D}.Release|Any CPU.ActiveCfg = Debug|Any CPU
		{86D3C4CE-E61F-44E1-96A7-5C21679CB07D}.Release|Any CPU.Build.0 = Debug|Any CPU
	EndGlobalSection
	GlobalSection(SolutionProperties) = preSolution
		HideSolutionNode = FALSE
	EndGlobalSection
	GlobalSection(NestedProjects) = preSolution
		{8FFC24E6-D9B2-4A3B-8520-42CE58FA7C57} = {3E0BB0A9-1ED9-477A-8E29-1EA7A29CA506}
		{D707B9C3-446F-4DBC-A9E4-93E0C2C16E5A} = {3E0BB0A9-1ED9-477A-8E29-1EA7A29CA506}
		{78ACF4BB-D507-47D7-A2FD-C92A76B90953} = {874741A0-C95F-420C-9F3E-9435BF4C6076}
		{CB99336A-F275-4F91-BB47-8B12C2E6E987} = {E6812A1C-0DF0-4B9F-859F-BE1581BEF4A5}
		{ADDF6B87-78FB-41AF-8725-4E2FD78EFAE5} = {E6812A1C-0DF0-4B9F-859F-BE1581BEF4A5}
		{759EE860-E273-4549-8C2B-AC050A01BAFA} = {B1149228-AB51-4E2A-8CCA-A635867F2C18}
		{5C7584E0-F7EE-46BC-B76E-143E3D7763E0} = {8ECFC320-D072-483F-887F-B7DC9A045926}
		{86D3C4CE-E61F-44E1-96A7-5C21679CB07D} = {F86B98A8-9627-4F65-B3A8-0BBB6AEB283C}
	EndGlobalSection
	GlobalSection(ExtensibilityGlobals) = postSolution
		SolutionGuid = {194672E9-3FAC-4C54-BDF1-6FACC66CC2A0}
	EndGlobalSection
EndGlobal
